
Microsoft Visual Studio Solution File, Format Version 12.00
# Visual Studio Version 17
VisualStudioVersion = 17.3.32811.315
MinimumVisualStudioVersion = 10.0.40219.1
Project("{9A19103F-16F7-4668-BE54-9A1E7A4F7556}") = "Урок 1 - конвертация строки", "Урок 1 - конвертация строки.csproj", "{58A064A8-3F38-4D3F-BC17-95AB29CFCA73}"
EndProject
Project("{9A19103F-16F7-4668-BE54-9A1E7A4F7556}") = "Урок 2 - parse", "..\Урок 2 - parse\Урок 2 - parse.csproj", "{CF831C7B-F31F-43CF-AB86-F02420F380D0}"
EndProject
Project("{9A19103F-16F7-4668-BE54-9A1E7A4F7556}") = "Урок 3 - parse (try - catch)", "..\Урок 3 - parse (try - catch)\Урок 3 - parse (try - catch).csproj", "{60F0A932-E0C0-49A6-AE10-073613A01C97}"
EndProject
Project("{9A19103F-16F7-4668-BE54-9A1E7A4F7556}") = "Урок 4 - TryParse", "..\Урок 4 - TryParse\Урок 4 - TryParse.csproj", "{E70CEB89-D6D2-48DA-B310-F77D07A3300B}"
EndProject
Project("{9A19103F-16F7-4668-BE54-9A1E7A4F7556}") = "Урок 5 - Арифметические операции с числами", "..\Урок 5 - Арифметические операции с числами\Урок 5 - Арифметические операции с числами.csproj", "{C5ECB6A1-2532-4E99-A0AD-34162B982F23}"
EndProject
Project("{9A19103F-16F7-4668-BE54-9A1E7A4F7556}") = "Урок 6 - Вывод только чётных чисел от 1 до N", "..\Урок 6 - Вывод только чётных чисел от 1 до N\Урок 6 - Вывод только чётных чисел от 1 до N.csproj", "{E528866C-BBFC-4861-9FED-2150CE9B5C8E}"
EndProject
Project("{9A19103F-16F7-4668-BE54-9A1E7A4F7556}") = "Урок 7 - Инкремент и Декремент", "..\Урок 7 - Инкремент и Декремент\Урок 7 - Инкремент и Декремент.csproj", "{ECBEB7B6-C8FB-47C4-96CE-2F15BF48F18B}"
EndProject
Project("{9A19103F-16F7-4668-BE54-9A1E7A4F7556}") = "Урок 8 - Операторы отношений", "..\Урок 8 - Операторы отношений\Урок 8 - Операторы отношений.csproj", "{80C3CCB5-99C1-445A-9F88-BCB4F843CE4E}"
EndProject
Project("{9A19103F-16F7-4668-BE54-9A1E7A4F7556}") = "Урок 9 - Конструкция if else", "..\Урок 9 - Конструкция if else\Урок 9 - Конструкция if else.csproj", "{1F7C94E6-6532-4A1A-96EC-6FBBB157BA90}"
EndProject
Project("{9A19103F-16F7-4668-BE54-9A1E7A4F7556}") = "Урок 10 - Логические операторы", "..\Урок 10 - Логические операторы\Урок 10 - Логические операторы.csproj", "{6ED4A12A-DFA5-473B-A4DA-775A5F49CF07}"
EndProject
Project("{9A19103F-16F7-4668-BE54-9A1E7A4F7556}") = "Урок 11 - Логические операторы (с применением методов)", "..\Урок 11 - Логические операторы (с применением методов)\Урок 11 - Логические операторы (с применением методов).csproj", "{FEA08777-E91E-46EE-B289-E76568E581A0}"
EndProject
Project("{9A19103F-16F7-4668-BE54-9A1E7A4F7556}") = "Урок 12 - Условный оператор swith", "..\Урок 12 - Условный оператор swith\Урок 12 - Условный оператор swith.csproj", "{2E9C9862-7105-4DDA-B44E-36F62E69A6D8}"
EndProject
Project("{9A19103F-16F7-4668-BE54-9A1E7A4F7556}") = "Урок 13 - Условный оператор switch (case ConsoleKey)", "..\Урок 13 - Условный оператор switch (case ConsoleKey)\Урок 13 - Условный оператор switch (case ConsoleKey).csproj", "{6E1A9C30-D75A-49C4-8ADE-3C0844300384}"
EndProject
Project("{9A19103F-16F7-4668-BE54-9A1E7A4F7556}") = "Урок 14 - Простейший калькулятор. Метод CASE", "..\Урок 14 - Простейший калькулятор. Метод CASE\Урок 14 - Простейший калькулятор. Метод CASE.csproj", "{B5218343-C88D-43F1-9D84-04F8A6DD5B0D}"
EndProject
Project("{9A19103F-16F7-4668-BE54-9A1E7A4F7556}") = "Урок 15 - Нахождене 3-й цифры в числе (с проверкой, если её нет)", "..\Урок 15 - Нахождене 3-й цифры в числе (с проверкой, если её нет)\Урок 15 - Нахождене 3-й цифры в числе (с проверкой, если её нет).csproj", "{50826AD9-44BF-4D8F-8ADD-ED9F3C89699C}"
EndProject
Project("{9A19103F-16F7-4668-BE54-9A1E7A4F7556}") = "Урок 16 - Ряд задач (Палиндром, длина по координатам, степени)", "..\Урок 16 - Ряд задач (Палиндром, длина по координатам, степени)\Урок 16 - Ряд задач (Палиндром, длина по координатам, степени).csproj", "{83371DFB-4176-43C2-8835-F64DBDEF97C6}"
EndProject
Project("{9A19103F-16F7-4668-BE54-9A1E7A4F7556}") = "Урок 17 - Массивы", "..\Урок 17 - Массивы\Урок 17 - Массивы.csproj", "{E3B9A069-65BE-4F9A-B34D-75DC9FB17AE2}"
EndProject
Project("{9A19103F-16F7-4668-BE54-9A1E7A4F7556}") = "Урок 18 - Количество чётных чиел в массиве", "..\Урок 18 - Количество чётных чиел в массиве\Урок 18 - Количество чётных чиел в массиве.csproj", "{3802FD3D-CF76-45DF-AC2B-2FDA9748356D}"
EndProject
Project("{9A19103F-16F7-4668-BE54-9A1E7A4F7556}") = "Урок 19 - Сумма нечётных элементов массива", "..\Урок 19 - Сумма нечётных элементов массива\Урок 19 - Сумма нечётных элементов массива.csproj", "{033160E5-9B36-4365-993B-BABB47F130CD}"
EndProject
Project("{9A19103F-16F7-4668-BE54-9A1E7A4F7556}") = "Урок 20 - Массив. Разница между максимальным и минимальным значением", "..\Урок 20 - Массив. Разница между максимальным и минимальным значением\Урок 20 - Массив. Разница между максимальным и минимальным значением.csproj", "{B20CFD7A-5DFA-47AC-BCC0-7A60980128CC}"
EndProject
Project("{9A19103F-16F7-4668-BE54-9A1E7A4F7556}") = "Урок 21 - Сортировка массива", "..\Урок 21 - Сортировка массива\Урок 21 - Сортировка массива.csproj", "{1FA3BAED-FB0C-4131-809D-CA0EBEC13B36}"
EndProject
Project("{9A19103F-16F7-4668-BE54-9A1E7A4F7556}") = "Урок 22 - Нахождение координат пересекающихся прямых", "..\Урок 22 - Нахождение координат пересекающихся прямых\Урок 22 - Нахождение координат пересекающихся прямых.csproj", "{D085B653-7C63-4634-9DA9-646555531DCC}"
EndProject
Project("{9A19103F-16F7-4668-BE54-9A1E7A4F7556}") = "Песочница", "..\Песочница\Песочница.csproj", "{1D65D1A9-B31E-43EF-AA70-7624BA10C05B}"
EndProject
Project("{FAE04EC0-301F-11D3-BF4B-00C04F79EFBC}") = "Урок 23 - Матрица. Выводим элемент по координатам", "..\Урок 23 - Матрица. Выводим элемент по координатам\Урок 23 - Матрица. Выводим элемент по координатам.csproj", "{6F14946A-8C28-4C6E-B81E-65A4228008F3}"
EndProject
Project("{FAE04EC0-301F-11D3-BF4B-00C04F79EFBC}") = "Урок 24 - Среднее арифметическое столбцов матрицы", "..\Урок 24 - Среднее арифметическое столбцов матрицы\Урок 24 - Среднее арифметическое столбцов матрицы.csproj", "{3F18B68C-DB1D-47D1-BB62-653686F162C5}"
EndProject
Global
	GlobalSection(SolutionConfigurationPlatforms) = preSolution
		Debug|Any CPU = Debug|Any CPU
		Release|Any CPU = Release|Any CPU
	EndGlobalSection
	GlobalSection(ProjectConfigurationPlatforms) = postSolution
		{58A064A8-3F38-4D3F-BC17-95AB29CFCA73}.Debug|Any CPU.ActiveCfg = Debug|Any CPU
		{58A064A8-3F38-4D3F-BC17-95AB29CFCA73}.Debug|Any CPU.Build.0 = Debug|Any CPU
		{58A064A8-3F38-4D3F-BC17-95AB29CFCA73}.Release|Any CPU.ActiveCfg = Release|Any CPU
		{58A064A8-3F38-4D3F-BC17-95AB29CFCA73}.Release|Any CPU.Build.0 = Release|Any CPU
		{CF831C7B-F31F-43CF-AB86-F02420F380D0}.Debug|Any CPU.ActiveCfg = Debug|Any CPU
		{CF831C7B-F31F-43CF-AB86-F02420F380D0}.Debug|Any CPU.Build.0 = Debug|Any CPU
		{CF831C7B-F31F-43CF-AB86-F02420F380D0}.Release|Any CPU.ActiveCfg = Release|Any CPU
		{CF831C7B-F31F-43CF-AB86-F02420F380D0}.Release|Any CPU.Build.0 = Release|Any CPU
		{60F0A932-E0C0-49A6-AE10-073613A01C97}.Debug|Any CPU.ActiveCfg = Debug|Any CPU
		{60F0A932-E0C0-49A6-AE10-073613A01C97}.Debug|Any CPU.Build.0 = Debug|Any CPU
		{60F0A932-E0C0-49A6-AE10-073613A01C97}.Release|Any CPU.ActiveCfg = Release|Any CPU
		{60F0A932-E0C0-49A6-AE10-073613A01C97}.Release|Any CPU.Build.0 = Release|Any CPU
		{E70CEB89-D6D2-48DA-B310-F77D07A3300B}.Debug|Any CPU.ActiveCfg = Debug|Any CPU
		{E70CEB89-D6D2-48DA-B310-F77D07A3300B}.Debug|Any CPU.Build.0 = Debug|Any CPU
		{E70CEB89-D6D2-48DA-B310-F77D07A3300B}.Release|Any CPU.ActiveCfg = Release|Any CPU
		{E70CEB89-D6D2-48DA-B310-F77D07A3300B}.Release|Any CPU.Build.0 = Release|Any CPU
		{C5ECB6A1-2532-4E99-A0AD-34162B982F23}.Debug|Any CPU.ActiveCfg = Debug|Any CPU
		{C5ECB6A1-2532-4E99-A0AD-34162B982F23}.Debug|Any CPU.Build.0 = Debug|Any CPU
		{C5ECB6A1-2532-4E99-A0AD-34162B982F23}.Release|Any CPU.ActiveCfg = Release|Any CPU
		{C5ECB6A1-2532-4E99-A0AD-34162B982F23}.Release|Any CPU.Build.0 = Release|Any CPU
		{E528866C-BBFC-4861-9FED-2150CE9B5C8E}.Debug|Any CPU.ActiveCfg = Debug|Any CPU
		{E528866C-BBFC-4861-9FED-2150CE9B5C8E}.Debug|Any CPU.Build.0 = Debug|Any CPU
		{E528866C-BBFC-4861-9FED-2150CE9B5C8E}.Release|Any CPU.ActiveCfg = Release|Any CPU
		{E528866C-BBFC-4861-9FED-2150CE9B5C8E}.Release|Any CPU.Build.0 = Release|Any CPU
		{ECBEB7B6-C8FB-47C4-96CE-2F15BF48F18B}.Debug|Any CPU.ActiveCfg = Debug|Any CPU
		{ECBEB7B6-C8FB-47C4-96CE-2F15BF48F18B}.Debug|Any CPU.Build.0 = Debug|Any CPU
		{ECBEB7B6-C8FB-47C4-96CE-2F15BF48F18B}.Release|Any CPU.ActiveCfg = Release|Any CPU
		{ECBEB7B6-C8FB-47C4-96CE-2F15BF48F18B}.Release|Any CPU.Build.0 = Release|Any CPU
		{80C3CCB5-99C1-445A-9F88-BCB4F843CE4E}.Debug|Any CPU.ActiveCfg = Debug|Any CPU
		{80C3CCB5-99C1-445A-9F88-BCB4F843CE4E}.Debug|Any CPU.Build.0 = Debug|Any CPU
		{80C3CCB5-99C1-445A-9F88-BCB4F843CE4E}.Release|Any CPU.ActiveCfg = Release|Any CPU
		{80C3CCB5-99C1-445A-9F88-BCB4F843CE4E}.Release|Any CPU.Build.0 = Release|Any CPU
		{1F7C94E6-6532-4A1A-96EC-6FBBB157BA90}.Debug|Any CPU.ActiveCfg = Debug|Any CPU
		{1F7C94E6-6532-4A1A-96EC-6FBBB157BA90}.Debug|Any CPU.Build.0 = Debug|Any CPU
		{1F7C94E6-6532-4A1A-96EC-6FBBB157BA90}.Release|Any CPU.ActiveCfg = Release|Any CPU
		{1F7C94E6-6532-4A1A-96EC-6FBBB157BA90}.Release|Any CPU.Build.0 = Release|Any CPU
		{6ED4A12A-DFA5-473B-A4DA-775A5F49CF07}.Debug|Any CPU.ActiveCfg = Debug|Any CPU
		{6ED4A12A-DFA5-473B-A4DA-775A5F49CF07}.Debug|Any CPU.Build.0 = Debug|Any CPU
		{6ED4A12A-DFA5-473B-A4DA-775A5F49CF07}.Release|Any CPU.ActiveCfg = Release|Any CPU
		{6ED4A12A-DFA5-473B-A4DA-775A5F49CF07}.Release|Any CPU.Build.0 = Release|Any CPU
		{FEA08777-E91E-46EE-B289-E76568E581A0}.Debug|Any CPU.ActiveCfg = Debug|Any CPU
		{FEA08777-E91E-46EE-B289-E76568E581A0}.Debug|Any CPU.Build.0 = Debug|Any CPU
		{FEA08777-E91E-46EE-B289-E76568E581A0}.Release|Any CPU.ActiveCfg = Release|Any CPU
		{FEA08777-E91E-46EE-B289-E76568E581A0}.Release|Any CPU.Build.0 = Release|Any CPU
		{2E9C9862-7105-4DDA-B44E-36F62E69A6D8}.Debug|Any CPU.ActiveCfg = Debug|Any CPU
		{2E9C9862-7105-4DDA-B44E-36F62E69A6D8}.Debug|Any CPU.Build.0 = Debug|Any CPU
		{2E9C9862-7105-4DDA-B44E-36F62E69A6D8}.Release|Any CPU.ActiveCfg = Release|Any CPU
		{2E9C9862-7105-4DDA-B44E-36F62E69A6D8}.Release|Any CPU.Build.0 = Release|Any CPU
		{6E1A9C30-D75A-49C4-8ADE-3C0844300384}.Debug|Any CPU.ActiveCfg = Debug|Any CPU
		{6E1A9C30-D75A-49C4-8ADE-3C0844300384}.Debug|Any CPU.Build.0 = Debug|Any CPU
		{6E1A9C30-D75A-49C4-8ADE-3C0844300384}.Release|Any CPU.ActiveCfg = Release|Any CPU
		{6E1A9C30-D75A-49C4-8ADE-3C0844300384}.Release|Any CPU.Build.0 = Release|Any CPU
		{B5218343-C88D-43F1-9D84-04F8A6DD5B0D}.Debug|Any CPU.ActiveCfg = Debug|Any CPU
		{B5218343-C88D-43F1-9D84-04F8A6DD5B0D}.Debug|Any CPU.Build.0 = Debug|Any CPU
		{B5218343-C88D-43F1-9D84-04F8A6DD5B0D}.Release|Any CPU.ActiveCfg = Release|Any CPU
		{B5218343-C88D-43F1-9D84-04F8A6DD5B0D}.Release|Any CPU.Build.0 = Release|Any CPU
		{50826AD9-44BF-4D8F-8ADD-ED9F3C89699C}.Debug|Any CPU.ActiveCfg = Debug|Any CPU
		{50826AD9-44BF-4D8F-8ADD-ED9F3C89699C}.Debug|Any CPU.Build.0 = Debug|Any CPU
		{50826AD9-44BF-4D8F-8ADD-ED9F3C89699C}.Release|Any CPU.ActiveCfg = Release|Any CPU
		{50826AD9-44BF-4D8F-8ADD-ED9F3C89699C}.Release|Any CPU.Build.0 = Release|Any CPU
		{83371DFB-4176-43C2-8835-F64DBDEF97C6}.Debug|Any CPU.ActiveCfg = Debug|Any CPU
		{83371DFB-4176-43C2-8835-F64DBDEF97C6}.Debug|Any CPU.Build.0 = Debug|Any CPU
		{83371DFB-4176-43C2-8835-F64DBDEF97C6}.Release|Any CPU.ActiveCfg = Release|Any CPU
		{83371DFB-4176-43C2-8835-F64DBDEF97C6}.Release|Any CPU.Build.0 = Release|Any CPU
		{E3B9A069-65BE-4F9A-B34D-75DC9FB17AE2}.Debug|Any CPU.ActiveCfg = Debug|Any CPU
		{E3B9A069-65BE-4F9A-B34D-75DC9FB17AE2}.Debug|Any CPU.Build.0 = Debug|Any CPU
		{E3B9A069-65BE-4F9A-B34D-75DC9FB17AE2}.Release|Any CPU.ActiveCfg = Release|Any CPU
		{E3B9A069-65BE-4F9A-B34D-75DC9FB17AE2}.Release|Any CPU.Build.0 = Release|Any CPU
		{3802FD3D-CF76-45DF-AC2B-2FDA9748356D}.Debug|Any CPU.ActiveCfg = Debug|Any CPU
		{3802FD3D-CF76-45DF-AC2B-2FDA9748356D}.Debug|Any CPU.Build.0 = Debug|Any CPU
		{3802FD3D-CF76-45DF-AC2B-2FDA9748356D}.Release|Any CPU.ActiveCfg = Release|Any CPU
		{3802FD3D-CF76-45DF-AC2B-2FDA9748356D}.Release|Any CPU.Build.0 = Release|Any CPU
		{033160E5-9B36-4365-993B-BABB47F130CD}.Debug|Any CPU.ActiveCfg = Debug|Any CPU
		{033160E5-9B36-4365-993B-BABB47F130CD}.Debug|Any CPU.Build.0 = Debug|Any CPU
		{033160E5-9B36-4365-993B-BABB47F130CD}.Release|Any CPU.ActiveCfg = Release|Any CPU
		{033160E5-9B36-4365-993B-BABB47F130CD}.Release|Any CPU.Build.0 = Release|Any CPU
		{B20CFD7A-5DFA-47AC-BCC0-7A60980128CC}.Debug|Any CPU.ActiveCfg = Debug|Any CPU
		{B20CFD7A-5DFA-47AC-BCC0-7A60980128CC}.Debug|Any CPU.Build.0 = Debug|Any CPU
		{B20CFD7A-5DFA-47AC-BCC0-7A60980128CC}.Release|Any CPU.ActiveCfg = Release|Any CPU
		{B20CFD7A-5DFA-47AC-BCC0-7A60980128CC}.Release|Any CPU.Build.0 = Release|Any CPU
		{1FA3BAED-FB0C-4131-809D-CA0EBEC13B36}.Debug|Any CPU.ActiveCfg = Debug|Any CPU
		{1FA3BAED-FB0C-4131-809D-CA0EBEC13B36}.Debug|Any CPU.Build.0 = Debug|Any CPU
		{1FA3BAED-FB0C-4131-809D-CA0EBEC13B36}.Release|Any CPU.ActiveCfg = Release|Any CPU
		{1FA3BAED-FB0C-4131-809D-CA0EBEC13B36}.Release|Any CPU.Build.0 = Release|Any CPU
		{D085B653-7C63-4634-9DA9-646555531DCC}.Debug|Any CPU.ActiveCfg = Debug|Any CPU
		{D085B653-7C63-4634-9DA9-646555531DCC}.Debug|Any CPU.Build.0 = Debug|Any CPU
		{D085B653-7C63-4634-9DA9-646555531DCC}.Release|Any CPU.ActiveCfg = Release|Any CPU
		{D085B653-7C63-4634-9DA9-646555531DCC}.Release|Any CPU.Build.0 = Release|Any CPU
		{1D65D1A9-B31E-43EF-AA70-7624BA10C05B}.Debug|Any CPU.ActiveCfg = Debug|Any CPU
		{1D65D1A9-B31E-43EF-AA70-7624BA10C05B}.Debug|Any CPU.Build.0 = Debug|Any CPU
		{1D65D1A9-B31E-43EF-AA70-7624BA10C05B}.Release|Any CPU.ActiveCfg = Release|Any CPU
		{1D65D1A9-B31E-43EF-AA70-7624BA10C05B}.Release|Any CPU.Build.0 = Release|Any CPU
		{6F14946A-8C28-4C6E-B81E-65A4228008F3}.Debug|Any CPU.ActiveCfg = Debug|Any CPU
		{6F14946A-8C28-4C6E-B81E-65A4228008F3}.Debug|Any CPU.Build.0 = Debug|Any CPU
		{6F14946A-8C28-4C6E-B81E-65A4228008F3}.Release|Any CPU.ActiveCfg = Release|Any CPU
		{6F14946A-8C28-4C6E-B81E-65A4228008F3}.Release|Any CPU.Build.0 = Release|Any CPU
		{3F18B68C-DB1D-47D1-BB62-653686F162C5}.Debug|Any CPU.ActiveCfg = Debug|Any CPU
		{3F18B68C-DB1D-47D1-BB62-653686F162C5}.Debug|Any CPU.Build.0 = Debug|Any CPU
		{3F18B68C-DB1D-47D1-BB62-653686F162C5}.Release|Any CPU.ActiveCfg = Release|Any CPU
		{3F18B68C-DB1D-47D1-BB62-653686F162C5}.Release|Any CPU.Build.0 = Release|Any CPU
	EndGlobalSection
	GlobalSection(SolutionProperties) = preSolution
		HideSolutionNode = FALSE
	EndGlobalSection
	GlobalSection(ExtensibilityGlobals) = postSolution
		SolutionGuid = {E92D9EEE-81EF-44D4-B4C6-397379087746}
	EndGlobalSection
EndGlobal
